{
  "requires": true,
  "lockfileVersion": 1,
  "dependencies": {
    "secrets": {
      "version": "1.0.0",
      "resolved": "https://registry.npmjs.org/secrets/-/secrets-1.0.0.tgz",
      "integrity": "sha512-9lVy0kk0n+HaFPbQa4HcRmZ1LsRqYZh21Kp9CAn4dKHE6wt24T31ZxJ6dFTdBoSxEJIpnxuk6jhNg9l+JLeqSQ=="
    }
  }
}
